
Microsoft Visual Studio Solution File, Format Version 12.00
# Visual Studio Version 17
VisualStudioVersion = 17.4.33213.308
MinimumVisualStudioVersion = 10.0.40219.1
Project("{FAE04EC0-301F-11D3-BF4B-00C04F79EFBC}") = "ReverseString", "ReverseString\ReverseString.csproj", "{2F485A75-DCB5-4ADF-BE91-28CE187FB062}"
EndProject
Global
	GlobalSection(SolutionConfigurationPlatforms) = preSolution
		Debug|Any CPU = Debug|Any CPU
		Release|Any CPU = Release|Any CPU
	EndGlobalSection
	GlobalSection(ProjectConfigurationPlatforms) = postSolution
		{2F485A75-DCB5-4ADF-BE91-28CE187FB062}.Debug|Any CPU.ActiveCfg = Debug|Any CPU
		{2F485A75-DCB5-4ADF-BE91-28CE187FB062}.Debug|Any CPU.Build.0 = Debug|Any CPU
		{2F485A75-DCB5-4ADF-BE91-28CE187FB062}.Release|Any CPU.ActiveCfg = Release|Any CPU
		{2F485A75-DCB5-4ADF-BE91-28CE187FB062}.Release|Any CPU.Build.0 = Release|Any CPU
	EndGlobalSection
	GlobalSection(SolutionProperties) = preSolution
		HideSolutionNode = FALSE
	EndGlobalSection
	GlobalSection(ExtensibilityGlobals) = postSolution
		SolutionGuid = {F226C03A-B17D-4AAD-855B-D21A304C1811}
	EndGlobalSection
EndGlobal
