
Microsoft Visual Studio Solution File, Format Version 12.00
# Visual Studio Version 17
VisualStudioVersion = 17.4.33213.308
MinimumVisualStudioVersion = 10.0.40219.1
Project("{FAE04EC0-301F-11D3-BF4B-00C04F79EFBC}") = "ArithmeticOperations", "ArithmeticOperations\ArithmeticOperations.csproj", "{9E283CC0-42AD-4772-B510-16D7B7A1E616}"
EndProject
Global
	GlobalSection(SolutionConfigurationPlatforms) = preSolution
		Debug|Any CPU = Debug|Any CPU
		Release|Any CPU = Release|Any CPU
	EndGlobalSection
	GlobalSection(ProjectConfigurationPlatforms) = postSolution
		{9E283CC0-42AD-4772-B510-16D7B7A1E616}.Debug|Any CPU.ActiveCfg = Debug|Any CPU
		{9E283CC0-42AD-4772-B510-16D7B7A1E616}.Debug|Any CPU.Build.0 = Debug|Any CPU
		{9E283CC0-42AD-4772-B510-16D7B7A1E616}.Release|Any CPU.ActiveCfg = Release|Any CPU
		{9E283CC0-42AD-4772-B510-16D7B7A1E616}.Release|Any CPU.Build.0 = Release|Any CPU
	EndGlobalSection
	GlobalSection(SolutionProperties) = preSolution
		HideSolutionNode = FALSE
	EndGlobalSection
	GlobalSection(ExtensibilityGlobals) = postSolution
		SolutionGuid = {6541E352-DB60-4D55-814B-9EBB28F906FE}
	EndGlobalSection
EndGlobal
