
Microsoft Visual Studio Solution File, Format Version 12.00
# Visual Studio Version 17
VisualStudioVersion = 17.4.33213.308
MinimumVisualStudioVersion = 10.0.40219.1
Project("{FAE04EC0-301F-11D3-BF4B-00C04F79EFBC}") = "AdmissionEligiblity", "AdmissionEligiblity\AdmissionEligiblity.csproj", "{FF7C4F78-35B8-4630-8FA4-EB2011CCA440}"
EndProject
Global
	GlobalSection(SolutionConfigurationPlatforms) = preSolution
		Debug|Any CPU = Debug|Any CPU
		Release|Any CPU = Release|Any CPU
	EndGlobalSection
	GlobalSection(ProjectConfigurationPlatforms) = postSolution
		{FF7C4F78-35B8-4630-8FA4-EB2011CCA440}.Debug|Any CPU.ActiveCfg = Debug|Any CPU
		{FF7C4F78-35B8-4630-8FA4-EB2011CCA440}.Debug|Any CPU.Build.0 = Debug|Any CPU
		{FF7C4F78-35B8-4630-8FA4-EB2011CCA440}.Release|Any CPU.ActiveCfg = Release|Any CPU
		{FF7C4F78-35B8-4630-8FA4-EB2011CCA440}.Release|Any CPU.Build.0 = Release|Any CPU
	EndGlobalSection
	GlobalSection(SolutionProperties) = preSolution
		HideSolutionNode = FALSE
	EndGlobalSection
	GlobalSection(ExtensibilityGlobals) = postSolution
		SolutionGuid = {3C5A28F2-F0A1-4897-8D90-8423363B97D3}
	EndGlobalSection
EndGlobal
